Microsoft Visual Studio Solution File, Format Version 12.00
# Visual Studio Version 17
VisualStudioVersion = 17.5.2.0
MinimumVisualStudioVersion = 10.0.40219.1
Project("{2150E333-8FDC-42A3-9474-1A3956D46DE8}") = "app", "app", "{F95F473B-E98A-ACD6-1986-755F447BE36F}"
EndProject
Project("{2150E333-8FDC-42A3-9474-1A3956D46DE8}") = "api", "api", "{5E1FAFFE-CDD3-B5A3-98C6-78F92610E564}"
EndProject
Project("{FAE04EC0-301F-11D3-BF4B-00C04F79EFBC}") = "JHF.Api", "app\api\JHF.Api\JHF.Api.csproj", "{C79E5BBD-934E-A03E-8F1A-B655163E853A}"
EndProject
Global
	GlobalSection(SolutionConfigurationPlatforms) = preSolution
		Debug|Any CPU = Debug|Any CPU
		Release|Any CPU = Release|Any CPU
	EndGlobalSection
	GlobalSection(ProjectConfigurationPlatforms) = postSolution
		{C79E5BBD-934E-A03E-8F1A-B655163E853A}.Debug|Any CPU.ActiveCfg = Debug|Any CPU
		{C79E5BBD-934E-A03E-8F1A-B655163E853A}.Debug|Any CPU.Build.0 = Debug|Any CPU
		{C79E5BBD-934E-A03E-8F1A-B655163E853A}.Release|Any CPU.ActiveCfg = Release|Any CPU
		{C79E5BBD-934E-A03E-8F1A-B655163E853A}.Release|Any CPU.Build.0 = Release|Any CPU
	EndGlobalSection
	GlobalSection(SolutionProperties) = preSolution
		HideSolutionNode = FALSE
	EndGlobalSection
	GlobalSection(NestedProjects) = preSolution
		{5E1FAFFE-CDD3-B5A3-98C6-78F92610E564} = {F95F473B-E98A-ACD6-1986-755F447BE36F}
		{C79E5BBD-934E-A03E-8F1A-B655163E853A} = {5E1FAFFE-CDD3-B5A3-98C6-78F92610E564}
	EndGlobalSection
	GlobalSection(ExtensibilityGlobals) = postSolution
		SolutionGuid = {BE26C939-A3C8-423D-AC1F-BDE859264FDC}
	EndGlobalSection
EndGlobal
